
Microsoft Visual Studio Solution File, Format Version 12.00
# Visual Studio Version 17
VisualStudioVersion = 17.4.33403.182
MinimumVisualStudioVersion = 10.0.40219.1
Project("{FAE04EC0-301F-11D3-BF4B-00C04F79EFBC}") = "DicomTest", "DicomTest\DicomTest.csproj", "{094F4798-6452-4DF5-8546-9CC0ACBDD48F}"
EndProject
Global
	GlobalSection(SolutionConfigurationPlatforms) = preSolution
		Debug|Any CPU = Debug|Any CPU
		Release|Any CPU = Release|Any CPU
	EndGlobalSection
	GlobalSection(ProjectConfigurationPlatforms) = postSolution
		{094F4798-6452-4DF5-8546-9CC0ACBDD48F}.Debug|Any CPU.ActiveCfg = Debug|Any CPU
		{094F4798-6452-4DF5-8546-9CC0ACBDD48F}.Debug|Any CPU.Build.0 = Debug|Any CPU
		{094F4798-6452-4DF5-8546-9CC0ACBDD48F}.Release|Any CPU.ActiveCfg = Release|Any CPU
		{094F4798-6452-4DF5-8546-9CC0ACBDD48F}.Release|Any CPU.Build.0 = Release|Any CPU
	EndGlobalSection
	GlobalSection(SolutionProperties) = preSolution
		HideSolutionNode = FALSE
	EndGlobalSection
	GlobalSection(ExtensibilityGlobals) = postSolution
		SolutionGuid = {996358D2-7E00-40F7-A1C3-96BB8886F972}
	EndGlobalSection
EndGlobal
